
Microsoft Visual Studio Solution File, Format Version 10.00
# Visual Studio 2008
Project("{FAE04EC0-301F-11D3-BF4B-00C04F79EFBC}") = "RCT", "RCT\RCT.csproj", "{7A284550-EEBD-44E5-A26A-8E84011DCF35}"
	ProjectSection(ProjectDependencies) = postProject
		{C1ECC2F6-25BF-44AC-B023-D833329D4CA5} = {C1ECC2F6-25BF-44AC-B023-D833329D4CA5}
	EndProjectSection
EndProject
Project("{8BC9CEB8-8B4A-11D0-8D11-00A0C91BC942}") = "cipup", "cipup\cipup.vcproj", "{C1ECC2F6-25BF-44AC-B023-D833329D4CA5}"
EndProject
Project("{FAE04EC0-301F-11D3-BF4B-00C04F79EFBC}") = "cipup_external_test", "cipup_external_test\cipup_external_test.csproj", "{9A188DE5-4CA3-4DC5-BDD5-FCE55AF075A3}"
EndProject
Project("{8BC9CEB8-8B4A-11D0-8D11-00A0C91BC942}") = "cipup_internal_test", "cipup_internal_test\cipup_internal_test.vcproj", "{436116EB-FA68-4FFF-82AC-96BA61315039}"
EndProject
Project("{8BC9CEB8-8B4A-11D0-8D11-00A0C91BC942}") = "cipupCLT", "cipupCLT\cipupCLT.vcproj", "{7CED0E29-4E9F-4548-86A7-E2D1BDCABAA0}"
EndProject
Global
	GlobalSection(SolutionConfigurationPlatforms) = preSolution
		Debug|Any CPU = Debug|Any CPU
		Debug|Mixed Platforms = Debug|Mixed Platforms
		Debug|Win32 = Debug|Win32
		Release|Any CPU = Release|Any CPU
		Release|Mixed Platforms = Release|Mixed Platforms
		Release|Win32 = Release|Win32
	EndGlobalSection
	GlobalSection(ProjectConfigurationPlatforms) = postSolution
		{7A284550-EEBD-44E5-A26A-8E84011DCF35}.Debug|Any CPU.ActiveCfg = Debug|Any CPU
		{7A284550-EEBD-44E5-A26A-8E84011DCF35}.Debug|Any CPU.Build.0 = Debug|Any CPU
		{7A284550-EEBD-44E5-A26A-8E84011DCF35}.Debug|Mixed Platforms.ActiveCfg = Debug|Any CPU
		{7A284550-EEBD-44E5-A26A-8E84011DCF35}.Debug|Mixed Platforms.Build.0 = Debug|Any CPU
		{7A284550-EEBD-44E5-A26A-8E84011DCF35}.Debug|Win32.ActiveCfg = Debug|Any CPU
		{7A284550-EEBD-44E5-A26A-8E84011DCF35}.Release|Any CPU.ActiveCfg = Release|Any CPU
		{7A284550-EEBD-44E5-A26A-8E84011DCF35}.Release|Any CPU.Build.0 = Release|Any CPU
		{7A284550-EEBD-44E5-A26A-8E84011DCF35}.Release|Mixed Platforms.ActiveCfg = Release|Any CPU
		{7A284550-EEBD-44E5-A26A-8E84011DCF35}.Release|Mixed Platforms.Build.0 = Release|Any CPU
		{7A284550-EEBD-44E5-A26A-8E84011DCF35}.Release|Win32.ActiveCfg = Release|Any CPU
		{C1ECC2F6-25BF-44AC-B023-D833329D4CA5}.Debug|Any CPU.ActiveCfg = Debug|Win32
		{C1ECC2F6-25BF-44AC-B023-D833329D4CA5}.Debug|Mixed Platforms.ActiveCfg = Debug|Win32
		{C1ECC2F6-25BF-44AC-B023-D833329D4CA5}.Debug|Mixed Platforms.Build.0 = Debug|Win32
		{C1ECC2F6-25BF-44AC-B023-D833329D4CA5}.Debug|Win32.ActiveCfg = Debug|Win32
		{C1ECC2F6-25BF-44AC-B023-D833329D4CA5}.Debug|Win32.Build.0 = Debug|Win32
		{C1ECC2F6-25BF-44AC-B023-D833329D4CA5}.Release|Any CPU.ActiveCfg = Release|Win32
		{C1ECC2F6-25BF-44AC-B023-D833329D4CA5}.Release|Mixed Platforms.ActiveCfg = Release|Win32
		{C1ECC2F6-25BF-44AC-B023-D833329D4CA5}.Release|Mixed Platforms.Build.0 = Release|Win32
		{C1ECC2F6-25BF-44AC-B023-D833329D4CA5}.Release|Win32.ActiveCfg = Release|Win32
		{C1ECC2F6-25BF-44AC-B023-D833329D4CA5}.Release|Win32.Build.0 = Release|Win32
		{9A188DE5-4CA3-4DC5-BDD5-FCE55AF075A3}.Debug|Any CPU.ActiveCfg = Debug|Any CPU
		{9A188DE5-4CA3-4DC5-BDD5-FCE55AF075A3}.Debug|Any CPU.Build.0 = Debug|Any CPU
		{9A188DE5-4CA3-4DC5-BDD5-FCE55AF075A3}.Debug|Mixed Platforms.ActiveCfg = Debug|Any CPU
		{9A188DE5-4CA3-4DC5-BDD5-FCE55AF075A3}.Debug|Mixed Platforms.Build.0 = Debug|Any CPU
		{9A188DE5-4CA3-4DC5-BDD5-FCE55AF075A3}.Debug|Win32.ActiveCfg = Debug|Any CPU
		{9A188DE5-4CA3-4DC5-BDD5-FCE55AF075A3}.Release|Any CPU.ActiveCfg = Release|Any CPU
		{9A188DE5-4CA3-4DC5-BDD5-FCE55AF075A3}.Release|Any CPU.Build.0 = Release|Any CPU
		{9A188DE5-4CA3-4DC5-BDD5-FCE55AF075A3}.Release|Mixed Platforms.ActiveCfg = Release|Any CPU
		{9A188DE5-4CA3-4DC5-BDD5-FCE55AF075A3}.Release|Mixed Platforms.Build.0 = Release|Any CPU
		{9A188DE5-4CA3-4DC5-BDD5-FCE55AF075A3}.Release|Win32.ActiveCfg = Release|Any CPU
		{436116EB-FA68-4FFF-82AC-96BA61315039}.Debug|Any CPU.ActiveCfg = Debug|Win32
		{436116EB-FA68-4FFF-82AC-96BA61315039}.Debug|Mixed Platforms.ActiveCfg = Debug|Win32
		{436116EB-FA68-4FFF-82AC-96BA61315039}.Debug|Mixed Platforms.Build.0 = Debug|Win32
		{436116EB-FA68-4FFF-82AC-96BA61315039}.Debug|Win32.ActiveCfg = Debug|Win32
		{436116EB-FA68-4FFF-82AC-96BA61315039}.Debug|Win32.Build.0 = Debug|Win32
		{436116EB-FA68-4FFF-82AC-96BA61315039}.Release|Any CPU.ActiveCfg = Release|Win32
		{436116EB-FA68-4FFF-82AC-96BA61315039}.Release|Mixed Platforms.ActiveCfg = Release|Win32
		{436116EB-FA68-4FFF-82AC-96BA61315039}.Release|Mixed Platforms.Build.0 = Release|Win32
		{436116EB-FA68-4FFF-82AC-96BA61315039}.Release|Win32.ActiveCfg = Release|Win32
		{436116EB-FA68-4FFF-82AC-96BA61315039}.Release|Win32.Build.0 = Release|Win32
		{7CED0E29-4E9F-4548-86A7-E2D1BDCABAA0}.Debug|Any CPU.ActiveCfg = Debug|Win32
		{7CED0E29-4E9F-4548-86A7-E2D1BDCABAA0}.Debug|Mixed Platforms.ActiveCfg = Debug|Win32
		{7CED0E29-4E9F-4548-86A7-E2D1BDCABAA0}.Debug|Mixed Platforms.Build.0 = Debug|Win32
		{7CED0E29-4E9F-4548-86A7-E2D1BDCABAA0}.Debug|Win32.ActiveCfg = Debug|Win32
		{7CED0E29-4E9F-4548-86A7-E2D1BDCABAA0}.Debug|Win32.Build.0 = Debug|Win32
		{7CED0E29-4E9F-4548-86A7-E2D1BDCABAA0}.Release|Any CPU.ActiveCfg = Release|Win32
		{7CED0E29-4E9F-4548-86A7-E2D1BDCABAA0}.Release|Mixed Platforms.ActiveCfg = Release|Win32
		{7CED0E29-4E9F-4548-86A7-E2D1BDCABAA0}.Release|Mixed Platforms.Build.0 = Release|Win32
		{7CED0E29-4E9F-4548-86A7-E2D1BDCABAA0}.Release|Win32.ActiveCfg = Release|Win32
		{7CED0E29-4E9F-4548-86A7-E2D1BDCABAA0}.Release|Win32.Build.0 = Release|Win32
	EndGlobalSection
	GlobalSection(SolutionProperties) = preSolution
		HideSolutionNode = FALSE
	EndGlobalSection
EndGlobal
